
Microsoft Visual Studio Solution File, Format Version 12.00
# Visual Studio Version 17
VisualStudioVersion = 17.0.31903.59
MinimumVisualStudioVersion = 10.0.40219.1
Project("{FAE04EC0-301F-11D3-BF4B-00C04F79EFBC}") = "WikipediaTests", "WikipediaTests\WikipediaTests.csproj", "{953E2B40-B1D3-4D93-89CF-5D6074AB5457}"
EndProject
Project("{2150E333-8FDC-42A3-9474-1A3956D46DE8}") = "SeleniumCore", "SeleniumCore", "{62B2132F-6943-4299-8AB4-DFAC35BA5BCC}"
EndProject
Project("{FAE04EC0-301F-11D3-BF4B-00C04F79EFBC}") = "Selenium.Core", "Selenium.Core\Selenium.Core.csproj", "{C8155D1C-CE58-48C9-892A-8434302630B6}"
EndProject
Project("{FAE04EC0-301F-11D3-BF4B-00C04F79EFBC}") = "QADemo", "QADemo\QADemo.csproj", "{ED7EFD5F-4C34-4686-B4A6-4688F777F9EE}"
EndProject
Global
	GlobalSection(SolutionConfigurationPlatforms) = preSolution
		Debug|Any CPU = Debug|Any CPU
		Release|Any CPU = Release|Any CPU
	EndGlobalSection
	GlobalSection(ProjectConfigurationPlatforms) = postSolution
		{953E2B40-B1D3-4D93-89CF-5D6074AB5457}.Debug|Any CPU.ActiveCfg = Debug|Any CPU
		{953E2B40-B1D3-4D93-89CF-5D6074AB5457}.Debug|Any CPU.Build.0 = Debug|Any CPU
		{953E2B40-B1D3-4D93-89CF-5D6074AB5457}.Release|Any CPU.ActiveCfg = Release|Any CPU
		{953E2B40-B1D3-4D93-89CF-5D6074AB5457}.Release|Any CPU.Build.0 = Release|Any CPU
		{C8155D1C-CE58-48C9-892A-8434302630B6}.Debug|Any CPU.ActiveCfg = Debug|Any CPU
		{C8155D1C-CE58-48C9-892A-8434302630B6}.Debug|Any CPU.Build.0 = Debug|Any CPU
		{C8155D1C-CE58-48C9-892A-8434302630B6}.Release|Any CPU.ActiveCfg = Release|Any CPU
		{C8155D1C-CE58-48C9-892A-8434302630B6}.Release|Any CPU.Build.0 = Release|Any CPU
		{ED7EFD5F-4C34-4686-B4A6-4688F777F9EE}.Debug|Any CPU.ActiveCfg = Debug|Any CPU
		{ED7EFD5F-4C34-4686-B4A6-4688F777F9EE}.Debug|Any CPU.Build.0 = Debug|Any CPU
		{ED7EFD5F-4C34-4686-B4A6-4688F777F9EE}.Release|Any CPU.ActiveCfg = Release|Any CPU
		{ED7EFD5F-4C34-4686-B4A6-4688F777F9EE}.Release|Any CPU.Build.0 = Release|Any CPU
	EndGlobalSection
	GlobalSection(SolutionProperties) = preSolution
		HideSolutionNode = FALSE
	EndGlobalSection
	GlobalSection(NestedProjects) = preSolution
		{C8155D1C-CE58-48C9-892A-8434302630B6} = {62B2132F-6943-4299-8AB4-DFAC35BA5BCC}
	EndGlobalSection
EndGlobal
